{
  "version": "5",
  "remote": {
    "https://esm.sh/@supabase/supabase-js@2.57.4": "05a369085eb4a4c99d85ccece97f0cf1e05357122e0e74373da1f0e91b014902"
  },
  "workspace": {
    "packageJson": {
      "dependencies": [
        "npm:@capacitor/android@^8.4.3",
        "npm:@capacitor/cli@^8.4.3",
        "npm:@capacitor/core@^8.4.3",
        "npm:@capacitor/ios@^8.4.3",
        "npm:@fontsource-variable/dm-sans@^5.3.0",
        "npm:@fontsource-variable/nunito@^5.3.0",
        "npm:@tesseract.js-data/eng@1",
        "npm:@tesseract.js-data/vie@1",
        "npm:capacitor-token-vault@0.1.1",
        "npm:jquery@4",
        "npm:lucide@^1.42.0",
        "npm:playwright-core@^1.63.0",
        "npm:tesseract.js@7"
      ]
    }
  }
}
